
Microsoft Visual Studio Solution File, Format Version 12.00
# Visual Studio Version 17
VisualStudioVersion = 17.0.31717.71
MinimumVisualStudioVersion = 10.0.40219.1
Project("{9A19103F-16F7-4668-BE54-9A1E7A4F7556}") = "Day1_WebFundamentals", "Day1_WebFundamentals\Day1_WebFundamentals.csproj", "{C3D253CB-18CC-46D4-A217-E1DB9C7CD3F0}"
EndProject
Project("{9A19103F-16F7-4668-BE54-9A1E7A4F7556}") = "Day1_ConfiguringMVCApp", "Day1_ConfiguringMVCApp\Day1_ConfiguringMVCApp.csproj", "{A4BB30CF-401E-44EB-8DF6-2229AFF16F19}"
EndProject
Project("{9A19103F-16F7-4668-BE54-9A1E7A4F7556}") = "Day2_ConfiguringMVCWebApp", "Day2_ConfiguringMVCWebApp\Day2_ConfiguringMVCWebApp.csproj", "{E8862B99-FDE0-4889-AB58-D2D3C01AB500}"
EndProject
Project("{9A19103F-16F7-4668-BE54-9A1E7A4F7556}") = "Day3_CoreMVCConcepts", "Day3_CoreMVCConcepts\Day3_CoreMVCConcepts.csproj", "{4DB4BFC7-3DC5-41AD-9484-EDD5631D8A79}"
EndProject
Project("{FAE04EC0-301F-11D3-BF4B-00C04F79EFBC}") = "Day4_CoreViewModelApplication", "Day4_CoreViewModelApplication\Day4_CoreViewModelApplication.csproj", "{C5FCCB47-BC9C-47C7-9638-E860859C17BF}"
EndProject
Global
	GlobalSection(SolutionConfigurationPlatforms) = preSolution
		Debug|Any CPU = Debug|Any CPU
		Release|Any CPU = Release|Any CPU
	EndGlobalSection
	GlobalSection(ProjectConfigurationPlatforms) = postSolution
		{C3D253CB-18CC-46D4-A217-E1DB9C7CD3F0}.Debug|Any CPU.ActiveCfg = Debug|Any CPU
		{C3D253CB-18CC-46D4-A217-E1DB9C7CD3F0}.Debug|Any CPU.Build.0 = Debug|Any CPU
		{C3D253CB-18CC-46D4-A217-E1DB9C7CD3F0}.Release|Any CPU.ActiveCfg = Release|Any CPU
		{C3D253CB-18CC-46D4-A217-E1DB9C7CD3F0}.Release|Any CPU.Build.0 = Release|Any CPU
		{A4BB30CF-401E-44EB-8DF6-2229AFF16F19}.Debug|Any CPU.ActiveCfg = Debug|Any CPU
		{A4BB30CF-401E-44EB-8DF6-2229AFF16F19}.Debug|Any CPU.Build.0 = Debug|Any CPU
		{A4BB30CF-401E-44EB-8DF6-2229AFF16F19}.Release|Any CPU.ActiveCfg = Release|Any CPU
		{A4BB30CF-401E-44EB-8DF6-2229AFF16F19}.Release|Any CPU.Build.0 = Release|Any CPU
		{E8862B99-FDE0-4889-AB58-D2D3C01AB500}.Debug|Any CPU.ActiveCfg = Debug|Any CPU
		{E8862B99-FDE0-4889-AB58-D2D3C01AB500}.Debug|Any CPU.Build.0 = Debug|Any CPU
		{E8862B99-FDE0-4889-AB58-D2D3C01AB500}.Release|Any CPU.ActiveCfg = Release|Any CPU
		{E8862B99-FDE0-4889-AB58-D2D3C01AB500}.Release|Any CPU.Build.0 = Release|Any CPU
		{4DB4BFC7-3DC5-41AD-9484-EDD5631D8A79}.Debug|Any CPU.ActiveCfg = Debug|Any CPU
		{4DB4BFC7-3DC5-41AD-9484-EDD5631D8A79}.Debug|Any CPU.Build.0 = Debug|Any CPU
		{4DB4BFC7-3DC5-41AD-9484-EDD5631D8A79}.Release|Any CPU.ActiveCfg = Release|Any CPU
		{4DB4BFC7-3DC5-41AD-9484-EDD5631D8A79}.Release|Any CPU.Build.0 = Release|Any CPU
		{C5FCCB47-BC9C-47C7-9638-E860859C17BF}.Debug|Any CPU.ActiveCfg = Debug|Any CPU
		{C5FCCB47-BC9C-47C7-9638-E860859C17BF}.Debug|Any CPU.Build.0 = Debug|Any CPU
		{C5FCCB47-BC9C-47C7-9638-E860859C17BF}.Release|Any CPU.ActiveCfg = Release|Any CPU
		{C5FCCB47-BC9C-47C7-9638-E860859C17BF}.Release|Any CPU.Build.0 = Release|Any CPU
	EndGlobalSection
	GlobalSection(SolutionProperties) = preSolution
		HideSolutionNode = FALSE
	EndGlobalSection
	GlobalSection(ExtensibilityGlobals) = postSolution
		SolutionGuid = {820AEE5B-C6BA-41DE-B7E7-2280A81023D0}
	EndGlobalSection
EndGlobal
